
Microsoft Visual Studio Solution File, Format Version 12.00
# Visual Studio Version 17
VisualStudioVersion = 17.11.35312.102
MinimumVisualStudioVersion = 10.0.40219.1
Project("{9A19103F-16F7-4668-BE54-9A1E7A4F7556}") = "Ders1", "Ders1\Ders1.csproj", "{544FF84A-D835-47D7-8EC8-9A89D70FDDC6}"
EndProject
Project("{9A19103F-16F7-4668-BE54-9A1E7A4F7556}") = "Ders2", "Ders2\Ders2.csproj", "{D89FCD7A-100F-4483-9186-9FB62CD54270}"
EndProject
Project("{9A19103F-16F7-4668-BE54-9A1E7A4F7556}") = "Ders3", "Ders3\Ders3.csproj", "{F5FAB5B3-EAAC-4F9F-B339-6D9EE3846953}"
EndProject
Project("{9A19103F-16F7-4668-BE54-9A1E7A4F7556}") = "Ders4", "Ders4\Ders4.csproj", "{C07C7ECF-5252-4AE6-8B0B-8EC18ED5F62E}"
EndProject
Project("{9A19103F-16F7-4668-BE54-9A1E7A4F7556}") = "Ders5", "Ders5\Ders5.csproj", "{FB6AC558-6EE2-4EFC-96D0-CCA59B7B9718}"
EndProject
Project("{FAE04EC0-301F-11D3-BF4B-00C04F79EFBC}") = "Ders6", "Ders6\Ders6.csproj", "{DCEE11ED-EE12-4206-8051-AF5FDB2C2F15}"
EndProject
Project("{FAE04EC0-301F-11D3-BF4B-00C04F79EFBC}") = "Ders7", "Ders7\Ders7.csproj", "{DC81D40F-CA9D-4565-9BF8-B5A63F0506EC}"
EndProject
Project("{FAE04EC0-301F-11D3-BF4B-00C04F79EFBC}") = "Ders8", "Ders8\Ders8.csproj", "{A79D258D-4071-404D-9117-8231F7ECB1FA}"
EndProject
Project("{FAE04EC0-301F-11D3-BF4B-00C04F79EFBC}") = "Ders9", "Ders9\Ders9.csproj", "{E1CC60FD-6D16-4CF4-9D76-6C966AA9F4E9}"
EndProject
Project("{FAE04EC0-301F-11D3-BF4B-00C04F79EFBC}") = "Ders10", "Ders10\Ders10.csproj", "{ABB0426C-D522-4F5D-A2C8-029202EC93CD}"
EndProject
Project("{FAE04EC0-301F-11D3-BF4B-00C04F79EFBC}") = "Ders11", "Ders11\Ders11.csproj", "{E5E1260F-7DC1-484B-A218-43A1BA3C57DD}"
EndProject
Project("{FAE04EC0-301F-11D3-BF4B-00C04F79EFBC}") = "Ders12", "Ders12\Ders12.csproj", "{CEE38229-17EA-48C9-9BC7-EB398A02BA43}"
EndProject
Project("{FAE04EC0-301F-11D3-BF4B-00C04F79EFBC}") = "Ders13", "Ders13\Ders13.csproj", "{F677D158-BE1C-4F5F-AE11-90B35D647830}"
EndProject
Global
	GlobalSection(SolutionConfigurationPlatforms) = preSolution
		Debug|Any CPU = Debug|Any CPU
		Release|Any CPU = Release|Any CPU
	EndGlobalSection
	GlobalSection(ProjectConfigurationPlatforms) = postSolution
		{544FF84A-D835-47D7-8EC8-9A89D70FDDC6}.Debug|Any CPU.ActiveCfg = Debug|Any CPU
		{544FF84A-D835-47D7-8EC8-9A89D70FDDC6}.Debug|Any CPU.Build.0 = Debug|Any CPU
		{544FF84A-D835-47D7-8EC8-9A89D70FDDC6}.Release|Any CPU.ActiveCfg = Release|Any CPU
		{544FF84A-D835-47D7-8EC8-9A89D70FDDC6}.Release|Any CPU.Build.0 = Release|Any CPU
		{D89FCD7A-100F-4483-9186-9FB62CD54270}.Debug|Any CPU.ActiveCfg = Debug|Any CPU
		{D89FCD7A-100F-4483-9186-9FB62CD54270}.Debug|Any CPU.Build.0 = Debug|Any CPU
		{D89FCD7A-100F-4483-9186-9FB62CD54270}.Release|Any CPU.ActiveCfg = Release|Any CPU
		{D89FCD7A-100F-4483-9186-9FB62CD54270}.Release|Any CPU.Build.0 = Release|Any CPU
		{F5FAB5B3-EAAC-4F9F-B339-6D9EE3846953}.Debug|Any CPU.ActiveCfg = Debug|Any CPU
		{F5FAB5B3-EAAC-4F9F-B339-6D9EE3846953}.Debug|Any CPU.Build.0 = Debug|Any CPU
		{F5FAB5B3-EAAC-4F9F-B339-6D9EE3846953}.Release|Any CPU.ActiveCfg = Release|Any CPU
		{F5FAB5B3-EAAC-4F9F-B339-6D9EE3846953}.Release|Any CPU.Build.0 = Release|Any CPU
		{C07C7ECF-5252-4AE6-8B0B-8EC18ED5F62E}.Debug|Any CPU.ActiveCfg = Debug|Any CPU
		{C07C7ECF-5252-4AE6-8B0B-8EC18ED5F62E}.Debug|Any CPU.Build.0 = Debug|Any CPU
		{C07C7ECF-5252-4AE6-8B0B-8EC18ED5F62E}.Release|Any CPU.ActiveCfg = Release|Any CPU
		{C07C7ECF-5252-4AE6-8B0B-8EC18ED5F62E}.Release|Any CPU.Build.0 = Release|Any CPU
		{FB6AC558-6EE2-4EFC-96D0-CCA59B7B9718}.Debug|Any CPU.ActiveCfg = Debug|Any CPU
		{FB6AC558-6EE2-4EFC-96D0-CCA59B7B9718}.Debug|Any CPU.Build.0 = Debug|Any CPU
		{FB6AC558-6EE2-4EFC-96D0-CCA59B7B9718}.Release|Any CPU.ActiveCfg = Release|Any CPU
		{FB6AC558-6EE2-4EFC-96D0-CCA59B7B9718}.Release|Any CPU.Build.0 = Release|Any CPU
		{DCEE11ED-EE12-4206-8051-AF5FDB2C2F15}.Debug|Any CPU.ActiveCfg = Debug|Any CPU
		{DCEE11ED-EE12-4206-8051-AF5FDB2C2F15}.Debug|Any CPU.Build.0 = Debug|Any CPU
		{DCEE11ED-EE12-4206-8051-AF5FDB2C2F15}.Release|Any CPU.ActiveCfg = Release|Any CPU
		{DCEE11ED-EE12-4206-8051-AF5FDB2C2F15}.Release|Any CPU.Build.0 = Release|Any CPU
		{DC81D40F-CA9D-4565-9BF8-B5A63F0506EC}.Debug|Any CPU.ActiveCfg = Debug|Any CPU
		{DC81D40F-CA9D-4565-9BF8-B5A63F0506EC}.Debug|Any CPU.Build.0 = Debug|Any CPU
		{DC81D40F-CA9D-4565-9BF8-B5A63F0506EC}.Release|Any CPU.ActiveCfg = Release|Any CPU
		{DC81D40F-CA9D-4565-9BF8-B5A63F0506EC}.Release|Any CPU.Build.0 = Release|Any CPU
		{A79D258D-4071-404D-9117-8231F7ECB1FA}.Debug|Any CPU.ActiveCfg = Debug|Any CPU
		{A79D258D-4071-404D-9117-8231F7ECB1FA}.Debug|Any CPU.Build.0 = Debug|Any CPU
		{A79D258D-4071-404D-9117-8231F7ECB1FA}.Release|Any CPU.ActiveCfg = Release|Any CPU
		{A79D258D-4071-404D-9117-8231F7ECB1FA}.Release|Any CPU.Build.0 = Release|Any CPU
		{E1CC60FD-6D16-4CF4-9D76-6C966AA9F4E9}.Debug|Any CPU.ActiveCfg = Debug|Any CPU
		{E1CC60FD-6D16-4CF4-9D76-6C966AA9F4E9}.Debug|Any CPU.Build.0 = Debug|Any CPU
		{E1CC60FD-6D16-4CF4-9D76-6C966AA9F4E9}.Release|Any CPU.ActiveCfg = Release|Any CPU
		{E1CC60FD-6D16-4CF4-9D76-6C966AA9F4E9}.Release|Any CPU.Build.0 = Release|Any CPU
		{ABB0426C-D522-4F5D-A2C8-029202EC93CD}.Debug|Any CPU.ActiveCfg = Debug|Any CPU
		{ABB0426C-D522-4F5D-A2C8-029202EC93CD}.Debug|Any CPU.Build.0 = Debug|Any CPU
		{ABB0426C-D522-4F5D-A2C8-029202EC93CD}.Release|Any CPU.ActiveCfg = Release|Any CPU
		{ABB0426C-D522-4F5D-A2C8-029202EC93CD}.Release|Any CPU.Build.0 = Release|Any CPU
		{E5E1260F-7DC1-484B-A218-43A1BA3C57DD}.Debug|Any CPU.ActiveCfg = Debug|Any CPU
		{E5E1260F-7DC1-484B-A218-43A1BA3C57DD}.Debug|Any CPU.Build.0 = Debug|Any CPU
		{E5E1260F-7DC1-484B-A218-43A1BA3C57DD}.Release|Any CPU.ActiveCfg = Release|Any CPU
		{E5E1260F-7DC1-484B-A218-43A1BA3C57DD}.Release|Any CPU.Build.0 = Release|Any CPU
		{CEE38229-17EA-48C9-9BC7-EB398A02BA43}.Debug|Any CPU.ActiveCfg = Debug|Any CPU
		{CEE38229-17EA-48C9-9BC7-EB398A02BA43}.Debug|Any CPU.Build.0 = Debug|Any CPU
		{CEE38229-17EA-48C9-9BC7-EB398A02BA43}.Release|Any CPU.ActiveCfg = Release|Any CPU
		{CEE38229-17EA-48C9-9BC7-EB398A02BA43}.Release|Any CPU.Build.0 = Release|Any CPU
		{F677D158-BE1C-4F5F-AE11-90B35D647830}.Debug|Any CPU.ActiveCfg = Debug|Any CPU
		{F677D158-BE1C-4F5F-AE11-90B35D647830}.Debug|Any CPU.Build.0 = Debug|Any CPU
		{F677D158-BE1C-4F5F-AE11-90B35D647830}.Release|Any CPU.ActiveCfg = Release|Any CPU
		{F677D158-BE1C-4F5F-AE11-90B35D647830}.Release|Any CPU.Build.0 = Release|Any CPU
	EndGlobalSection
	GlobalSection(SolutionProperties) = preSolution
		HideSolutionNode = FALSE
	EndGlobalSection
	GlobalSection(ExtensibilityGlobals) = postSolution
		SolutionGuid = {79FF3BB6-4C54-4AE7-B666-E6D0B8510ED2}
	EndGlobalSection
EndGlobal
